// !$*UTF8*$!
{
	archiveVersion = 1;
	classes = {
	};
	objectVersion = 46;
	objects = {

/* Begin PBXBuildFile section */
		83543EE41BCFBD3000E802C1 /* Main.storyboard in Resources */ = {isa = PBXBuildFile; fileRef = 83543EE21BCFBD3000E802C1 /* Main.storyboard */; };
		83543EE91BCFBD3000E802C1 /* LaunchScreen.storyboard in Resources */ = {isa = PBXBuildFile; fileRef = 83543EE71BCFBD3000E802C1 /* LaunchScreen.storyboard */; };
		83E4426F1BD0A6AF0026E402 /* SecondViewController.m in Sources */ = {isa = PBXBuildFile; fileRef = 83E442671BD0A6AF0026E402 /* SecondViewController.m */; settings = {ASSET_TAGS = (); }; };
		83E442701BD0A6AF0026E402 /* ViewController.m in Sources */ = {isa = PBXBuildFile; fileRef = 83E442681BD0A6AF0026E402 /* ViewController.m */; settings = {ASSET_TAGS = (); }; };
		83E442711BD0A6AF0026E402 /* FirstViewController.m in Sources */ = {isa = PBXBuildFile; fileRef = 83E4426A1BD0A6AF0026E402 /* FirstViewController.m */; settings = {ASSET_TAGS = (); }; };
		83E442721BD0A6AF0026E402 /* ThirdViewController.m in Sources */ = {isa = PBXBuildFile; fileRef = 83E4426D1BD0A6AF0026E402 /* ThirdViewController.m */; settings = {ASSET_TAGS = (); }; };
		83E442741BD0A6DD0026E402 /* Assets.xcassets in Resources */ = {isa = PBXBuildFile; fileRef = 83E442731BD0A6DD0026E402 /* Assets.xcassets */; settings = {ASSET_TAGS = (); }; };
		83E442761BD0A6F00026E402 /* Info.plist in Resources */ = {isa = PBXBuildFile; fileRef = 83E442751BD0A6F00026E402 /* Info.plist */; settings = {ASSET_TAGS = (); }; };
		83E442791BD0A7060026E402 /* AppDelegate.m in Sources */ = {isa = PBXBuildFile; fileRef = 83E442781BD0A7060026E402 /* AppDelegate.m */; settings = {ASSET_TAGS = (); }; };
		83E4427C1BD0A7230026E402 /* ITRFlipper.m in Sources */ = {isa = PBXBuildFile; fileRef = 83E4427B1BD0A7230026E402 /* ITRFlipper.m */; settings = {ASSET_TAGS = (); }; };
		83E4427E1BD0A8230026E402 /* main.m in Sources */ = {isa = PBXBuildFile; fileRef = 83E4427D1BD0A8230026E402 /* main.m */; settings = {ASSET_TAGS = (); }; };
/* End PBXBuildFile section */

/* Begin PBXFileReference section */
		83543ED61BCFBD3000E802C1 /* Example.app */ = {isa = PBXFileReference; explicitFileType = wrapper.application; includeInIndex = 0; path = Example.app; sourceTree = BUILT_PRODUCTS_DIR; };
		83543EE31BCFBD3000E802C1 /* Base */ = {isa = PBXFileReference; lastKnownFileType = file.storyboard; name = Base; path = Base.lproj/Main.storyboard; sourceTree = "<group>"; };
		83543EE81BCFBD3000E802C1 /* Base */ = {isa = PBXFileReference; lastKnownFileType = file.storyboard; name = Base; path = Base.lproj/LaunchScreen.storyboard; sourceTree = "<group>"; };
		83E442671BD0A6AF0026E402 /* SecondViewController.m */ = {isa = PBXFileReference; fileEncoding = 4; lastKnownFileType = sourcecode.c.objc; name = SecondViewController.m; path = ../Example/Controller/SecondViewController.m; sourceTree = "<group>"; };
		83E442681BD0A6AF0026E402 /* ViewController.m */ = {isa = PBXFileReference; fileEncoding = 4; lastKnownFileType = sourcecode.c.objc; name = ViewController.m; path = ../Example/Controller/ViewController.m; sourceTree = "<group>"; };
		83E442691BD0A6AF0026E402 /* FirstViewController.h */ = {isa = PBXFileReference; fileEncoding = 4; lastKnownFileType = sourcecode.c.h; name = FirstViewController.h; path = ../Example/Controller/FirstViewController.h; sourceTree = "<group>"; };
		83E4426A1BD0A6AF0026E402 /* FirstViewController.m */ = {isa = PBXFileReference; fileEncoding = 4; lastKnownFileType = sourcecode.c.objc; name = FirstViewController.m; path = ../Example/Controller/FirstViewController.m; sourceTree = "<group>"; };
		83E4426B1BD0A6AF0026E402 /* SecondViewController.h */ = {isa = PBXFileReference; fileEncoding = 4; lastKnownFileType = sourcecode.c.h; name = SecondViewController.h; path = ../Example/Controller/SecondViewController.h; sourceTree = "<group>"; };
		83E4426C1BD0A6AF0026E402 /* ThirdViewController.h */ = {isa = PBXFileReference; fileEncoding = 4; lastKnownFileType = sourcecode.c.h; name = ThirdViewController.h; path = ../Example/Controller/ThirdViewController.h; sourceTree = "<group>"; };
		83E4426D1BD0A6AF0026E402 /* ThirdViewController.m */ = {isa = PBXFileReference; fileEncoding = 4; lastKnownFileType = sourcecode.c.objc; name = ThirdViewController.m; path = ../Example/Controller/ThirdViewController.m; sourceTree = "<group>"; };
		83E4426E1BD0A6AF0026E402 /* ViewController.h */ = {isa = PBXFileReference; fileEncoding = 4; lastKnownFileType = sourcecode.c.h; name = ViewController.h; path = ../Example/Controller/ViewController.h; sourceTree = "<group>"; };
		83E442731BD0A6DD0026E402 /* Assets.xcassets */ = {isa = PBXFileReference; lastKnownFileType = folder.assetcatalog; name = Assets.xcassets; path = ../Example/Assets.xcassets; sourceTree = "<group>"; };
		83E442751BD0A6F00026E402 /* Info.plist */ = {isa = PBXFileReference; fileEncoding = 4; lastKnownFileType = text.plist.xml; name = Info.plist; path = ../Example/Info.plist; sourceTree = "<group>"; };
		83E442771BD0A7060026E402 /* AppDelegate.h */ = {isa = PBXFileReference; fileEncoding = 4; lastKnownFileType = sourcecode.c.h; name = AppDelegate.h; path = ../Example/AppDelegate.h; sourceTree = "<group>"; };
		83E442781BD0A7060026E402 /* AppDelegate.m */ = {isa = PBXFileReference; fileEncoding = 4; lastKnownFileType = sourcecode.c.objc; name = AppDelegate.m; path = ../Example/AppDelegate.m; sourceTree = "<group>"; };
		83E4427A1BD0A7230026E402 /* ITRFlipper.h */ = {isa = PBXFileReference; fileEncoding = 4; lastKnownFileType = sourcecode.c.h; name = ITRFlipper.h; path = ../Classes/ITRFlipper.h; sourceTree = "<group>"; };
		83E4427B1BD0A7230026E402 /* ITRFlipper.m */ = {isa = PBXFileReference; fileEncoding = 4; lastKnownFileType = sourcecode.c.objc; name = ITRFlipper.m; path = ../Classes/ITRFlipper.m; sourceTree = "<group>"; };
		83E4427D1BD0A8230026E402 /* main.m */ = {isa = PBXFileReference; fileEncoding = 4; lastKnownFileType = sourcecode.c.objc; name = main.m; path = ../Example/main.m; sourceTree = "<group>"; };
/* End PBXFileReference section */

/* Begin PBXFrameworksBuildPhase section */
		83543ED31BCFBD3000E802C1 /* Frameworks */ = {
			isa = PBXFrameworksBuildPhase;
			buildActionMask = 2147483647;
			files = (
			);
			runOnlyForDeploymentPostprocessing = 0;
		};
/* End PBXFrameworksBuildPhase section */

/* Begin PBXGroup section */
		83543ECD1BCFBD3000E802C1 = {
			isa = PBXGroup;
			children = (
				83543ED81BCFBD3000E802C1 /* ITRFlipView */,
				83543ED71BCFBD3000E802C1 /* Products */,
			);
			sourceTree = "<group>";
		};
		83543ED71BCFBD3000E802C1 /* Products */ = {
			isa = PBXGroup;
			children = (
				83543ED61BCFBD3000E802C1 /* Example.app */,
			);
			name = Products;
			sourceTree = "<group>";
		};
		83543ED81BCFBD3000E802C1 /* ITRFlipView */ = {
			isa = PBXGroup;
			children = (
				83543F121BCFE0F500E802C1 /* Controller */,
				83543F0E1BCFE0C200E802C1 /* Classes */,
				83E442771BD0A7060026E402 /* AppDelegate.h */,
				83E442781BD0A7060026E402 /* AppDelegate.m */,
				83543EE21BCFBD3000E802C1 /* Main.storyboard */,
				83E442751BD0A6F00026E402 /* Info.plist */,
				83E442731BD0A6DD0026E402 /* Assets.xcassets */,
				83543EE71BCFBD3000E802C1 /* LaunchScreen.storyboard */,
				83543ED91BCFBD3000E802C1 /* Supporting Files */,
			);
			path = ITRFlipView;
			sourceTree = "<group>";
		};
		83543ED91BCFBD3000E802C1 /* Supporting Files */ = {
			isa = PBXGroup;
			children = (
				83E4427D1BD0A8230026E402 /* main.m */,
			);
			name = "Supporting Files";
			sourceTree = "<group>";
		};
		83543F0E1BCFE0C200E802C1 /* Classes */ = {
			isa = PBXGroup;
			children = (
				83E4427A1BD0A7230026E402 /* ITRFlipper.h */,
				83E4427B1BD0A7230026E402 /* ITRFlipper.m */,
			);
			name = Classes;
			sourceTree = "<group>";
		};
		83543F121BCFE0F500E802C1 /* Controller */ = {
			isa = PBXGroup;
			children = (
				83E442691BD0A6AF0026E402 /* FirstViewController.h */,
				83E4426A1BD0A6AF0026E402 /* FirstViewController.m */,
				83E4426B1BD0A6AF0026E402 /* SecondViewController.h */,
				83E442671BD0A6AF0026E402 /* SecondViewController.m */,
				83E4426C1BD0A6AF0026E402 /* ThirdViewController.h */,
				83E4426D1BD0A6AF0026E402 /* ThirdViewController.m */,
				83E4426E1BD0A6AF0026E402 /* ViewController.h */,
				83E442681BD0A6AF0026E402 /* ViewController.m */,
			);
			name = Controller;
			sourceTree = "<group>";
		};
/* End PBXGroup section */

/* Begin PBXNativeTarget section */
		83543ED51BCFBD3000E802C1 /* Example */ = {
			isa = PBXNativeTarget;
			buildConfigurationList = 83543EED1BCFBD3000E802C1 /* Build configuration list for PBXNativeTarget "Example" */;
			buildPhases = (
				83543ED21BCFBD3000E802C1 /* Sources */,
				83543ED31BCFBD3000E802C1 /* Frameworks */,
				83543ED41BCFBD3000E802C1 /* Resources */,
			);
			buildRules = (
			);
			dependencies = (
			);
			name = Example;
			productName = ITRFlipView;
			productReference = 83543ED61BCFBD3000E802C1 /* Example.app */;
			productType = "com.apple.product-type.application";
		};
/* End PBXNativeTarget section */

/* Begin PBXProject section */
		83543ECE1BCFBD3000E802C1 /* Project object */ = {
			isa = PBXProject;
			attributes = {
				LastUpgradeCheck = 0700;
				ORGANIZATIONNAME = "kiruthika selvavinayagam";
				TargetAttributes = {
					83543ED51BCFBD3000E802C1 = {
						CreatedOnToolsVersion = 7.0;
					};
				};
			};
			buildConfigurationList = 83543ED11BCFBD3000E802C1 /* Build configuration list for PBXProject "Example" */;
			compatibilityVersion = "Xcode 3.2";
			developmentRegion = English;
			hasScannedForEncodings = 0;
			knownRegions = (
				en,
				Base,
			);
			mainGroup = 83543ECD1BCFBD3000E802C1;
			productRefGroup = 83543ED71BCFBD3000E802C1 /* Products */;
			projectDirPath = "";
			projectRoot = "";
			targets = (
				83543ED51BCFBD3000E802C1 /* Example */,
			);
		};
/* End PBXProject section */

/* Begin PBXResourcesBuildPhase section */
		83543ED41BCFBD3000E802C1 /* Resources */ = {
			isa = PBXResourcesBuildPhase;
			buildActionMask = 2147483647;
			files = (
				83E442761BD0A6F00026E402 /* Info.plist in Resources */,
				83543EE91BCFBD3000E802C1 /* LaunchScreen.storyboard in Resources */,
				83E442741BD0A6DD0026E402 /* Assets.xcassets in Resources */,
				83543EE41BCFBD3000E802C1 /* Main.storyboard in Resources */,
			);
			runOnlyForDeploymentPostprocessing = 0;
		};
/* End PBXResourcesBuildPhase section */

/* Begin PBXSourcesBuildPhase section */
		83543ED21BCFBD3000E802C1 /* Sources */ = {
			isa = PBXSourcesBuildPhase;
			buildActionMask = 2147483647;
			files = (
				83E4427C1BD0A7230026E402 /* ITRFlipper.m in Sources */,
				83E4426F1BD0A6AF0026E402 /* SecondViewController.m in Sources */,
				83E442721BD0A6AF0026E402 /* ThirdViewController.m in Sources */,
				83E442711BD0A6AF0026E402 /* FirstViewController.m in Sources */,
				83E442701BD0A6AF0026E402 /* ViewController.m in Sources */,
				83E4427E1BD0A8230026E402 /* main.m in Sources */,
				83E442791BD0A7060026E402 /* AppDelegate.m in Sources */,
			);
			runOnlyForDeploymentPostprocessing = 0;
		};
/* End PBXSourcesBuildPhase section */

/* Begin PBXVariantGroup section */
		83543EE21BCFBD3000E802C1 /* Main.storyboard */ = {
			isa = PBXVariantGroup;
			children = (
				83543EE31BCFBD3000E802C1 /* Base */,
			);
			name = Main.storyboard;
			path = ../Example;
			sourceTree = "<group>";
		};
		83543EE71BCFBD3000E802C1 /* LaunchScreen.storyboard */ = {
			isa = PBXVariantGroup;
			children = (
				83543EE81BCFBD3000E802C1 /* Base */,
			);
			name = LaunchScreen.storyboard;
			path = ../Example;
			sourceTree = "<group>";
		};
/* End PBXVariantGroup section */

/* Begin XCBuildConfiguration section */
		83543EEB1BCFBD3000E802C1 /* Debug */ = {
			isa = XCBuildConfiguration;
			buildSettings = {
				ALWAYS_SEARCH_USER_PATHS = NO;
				CLANG_CXX_LANGUAGE_STANDARD = "gnu++0x";
				CLANG_CXX_LIBRARY = "libc++";
				CLANG_ENABLE_MODULES = YES;
				CLANG_ENABLE_OBJC_ARC = YES;
				CLANG_WARN_BOOL_CONVERSION = YES;
				CLANG_WARN_CONSTANT_CONVERSION = YES;
				CLANG_WARN_DIRECT_OBJC_ISA_USAGE = YES_ERROR;
				CLANG_WARN_EMPTY_BODY = YES;
				CLANG_WARN_ENUM_CONVERSION = YES;
				CLANG_WARN_INT_CONVERSION = YES;
				CLANG_WARN_OBJC_ROOT_CLASS = YES_ERROR;
				CLANG_WARN_UNREACHABLE_CODE = YES;
				CLANG_WARN__DUPLICATE_METHOD_MATCH = YES;
				"CODE_SIGN_IDENTITY[sdk=iphoneos*]" = "iPhone Developer";
				COPY_PHASE_STRIP = NO;
				DEBUG_INFORMATION_FORMAT = dwarf;
				ENABLE_STRICT_OBJC_MSGSEND = YES;
				ENABLE_TESTABILITY = YES;
				GCC_C_LANGUAGE_STANDARD = gnu99;
				GCC_DYNAMIC_NO_PIC = NO;
				GCC_NO_COMMON_BLOCKS = YES;
				GCC_OPTIMIZATION_LEVEL = 0;
				GCC_PREPROCESSOR_DEFINITIONS = (
					"DEBUG=1",
					"$(inherited)",
				);
				GCC_WARN_64_TO_32_BIT_CONVERSION = YES;
				GCC_WARN_ABOUT_RETURN_TYPE = YES_ERROR;
				GCC_WARN_UNDECLARED_SELECTOR = YES;
				GCC_WARN_UNINITIALIZED_AUTOS = YES_AGGRESSIVE;
				GCC_WARN_UNUSED_FUNCTION = YES;
				GCC_WARN_UNUSED_VARIABLE = YES;
				IPHONEOS_DEPLOYMENT_TARGET = 9.0;
				MTL_ENABLE_DEBUG_INFO = YES;
				ONLY_ACTIVE_ARCH = YES;
				SDKROOT = iphoneos;
			};
			name = Debug;
		};
		83543EEC1BCFBD3000E802C1 /* Release */ = {
			isa = XCBuildConfiguration;
			buildSettings = {
				ALWAYS_SEARCH_USER_PATHS = NO;
				CLANG_CXX_LANGUAGE_STANDARD = "gnu++0x";
				CLANG_CXX_LIBRARY = "libc++";
				CLANG_ENABLE_MODULES = YES;
				CLANG_ENABLE_OBJC_ARC = YES;
				CLANG_WARN_BOOL_CONVERSION = YES;
				CLANG_WARN_CONSTANT_CONVERSION = YES;
				CLANG_WARN_DIRECT_OBJC_ISA_USAGE = YES_ERROR;
				CLANG_WARN_EMPTY_BODY = YES;
				CLANG_WARN_ENUM_CONVERSION = YES;
				CLANG_WARN_INT_CONVERSION = YES;
				CLANG_WARN_OBJC_ROOT_CLASS = YES_ERROR;
				CLANG_WARN_UNREACHABLE_CODE = YES;
				CLANG_WARN__DUPLICATE_METHOD_MATCH = YES;
				"CODE_SIGN_IDENTITY[sdk=iphoneos*]" = "iPhone Developer";
				COPY_PHASE_STRIP = NO;
				DEBUG_INFORMATION_FORMAT = "dwarf-with-dsym";
				ENABLE_NS_ASSERTIONS = NO;
				ENABLE_STRICT_OBJC_MSGSEND = YES;
				GCC_C_LANGUAGE_STANDARD = gnu99;
				GCC_NO_COMMON_BLOCKS = YES;
				GCC_WARN_64_TO_32_BIT_CONVERSION = YES;
				GCC_WARN_ABOUT_RETURN_TYPE = YES_ERROR;
				GCC_WARN_UNDECLARED_SELECTOR = YES;
				GCC_WARN_UNINITIALIZED_AUTOS = YES_AGGRESSIVE;
				GCC_WARN_UNUSED_FUNCTION = YES;
				GCC_WARN_UNUSED_VARIABLE = YES;
				IPHONEOS_DEPLOYMENT_TARGET = 9.0;
				MTL_ENABLE_DEBUG_INFO = NO;
				SDKROOT = iphoneos;
				VALIDATE_PRODUCT = YES;
			};
			name = Release;
		};
		83543EEE1BCFBD3000E802C1 /* Debug */ = {
			isa = XCBuildConfiguration;
			buildSettings = {
				ASSETCATALOG_COMPILER_APPICON_NAME = AppIcon;
				INFOPLIST_FILE = Example/Info.plist;
				IPHONEOS_DEPLOYMENT_TARGET = 7.1;
				LD_RUNPATH_SEARCH_PATHS = "$(inherited) @executable_path/Frameworks";
				PRODUCT_BUNDLE_IDENTIFIER = ITR.ITRFlipView;
				PRODUCT_NAME = Example;
			};
			name = Debug;
		};
		83543EEF1BCFBD3000E802C1 /* Release */ = {
			isa = XCBuildConfiguration;
			buildSettings = {
				ASSETCATALOG_COMPILER_APPICON_NAME = AppIcon;
				INFOPLIST_FILE = Example/Info.plist;
				IPHONEOS_DEPLOYMENT_TARGET = 7.1;
				LD_RUNPATH_SEARCH_PATHS = "$(inherited) @executable_path/Frameworks";
				PRODUCT_BUNDLE_IDENTIFIER = ITR.ITRFlipView;
				PRODUCT_NAME = Example;
			};
			name = Release;
		};
/* End XCBuildConfiguration section */

/* Begin XCConfigurationList section */
		83543ED11BCFBD3000E802C1 /* Build configuration list for PBXProject "Example" */ = {
			isa = XCConfigurationList;
			buildConfigurations = (
				83543EEB1BCFBD3000E802C1 /* Debug */,
				83543EEC1BCFBD3000E802C1 /* Release */,
			);
			defaultConfigurationIsVisible = 0;
			defaultConfigurationName = Release;
		};
		83543EED1BCFBD3000E802C1 /* Build configuration list for PBXNativeTarget "Example" */ = {
			isa = XCConfigurationList;
			buildConfigurations = (
				83543EEE1BCFBD3000E802C1 /* Debug */,
				83543EEF1BCFBD3000E802C1 /* Release */,
			);
			defaultConfigurationIsVisible = 0;
			defaultConfigurationName = Release;
		};
/* End XCConfigurationList section */
	};
	rootObject = 83543ECE1BCFBD3000E802C1 /* Project object */;
}
